# This file was autogenerated by Stack.
# You should not edit this file by hand.
# For more information, please see the documentation at:
#   https://docs.haskellstack.org/en/stable/lock_files

packages:
- completed:
    hackage: sqlite-simple-0.4.15.0@sha256:9175f1d1498fea36d495db02d0ceabf9ddb4b59653e402645ae1572b321bca8f,2874
    pantry-tree:
      size: 1680
      sha256: efc5b5cae31c3aedfbec5361117f278e674e1dbf675ca56cc85d1728924ff840
  original:
    hackage: sqlite-simple-0.4.15.0
- completed:
    hackage: direct-sqlite-2.3.23@sha256:76abd41acb008aed2be75aaafaa4cd669b2bea63dea9d1fc767d586acafaf5ae,3269
    pantry-tree:
      size: 770
      sha256: ccd6bb3070719ebac1c18c4dd5d91aa7d557d02247b9833484e4c68d601f1d37
  original:
    hackage: direct-sqlite-2.3.23
snapshots:
- completed:
    size: 398091
    url: https://raw.githubusercontent.com/commercialhaskell/stackage-snapshots/master/nightly/2018/5/8.yaml
    sha256: 5ec79ef67e62ca4bd9d80a8432ac57a1b302aaecac912861d7915ddc253a46fa
  original: nightly-2018-05-08
